
Microsoft Visual Studio Solution File, Format Version 12.00
# Visual Studio Version 16
VisualStudioVersion = 16.0.30011.22
MinimumVisualStudioVersion = 10.0.40219.1
Project("{9A19103F-16F7-4668-BE54-9A1E7A4F7556}") = "OAuth2.ClientCredentials", "OAuth2.ClientCredentials\OAuth2.ClientCredentials.csproj", "{DD736820-D2D4-455B-B5AD-5F4990CE83E9}"
EndProject
Project("{2150E333-8FDC-42A3-9474-1A3956D46DE8}") = "Sample", "Sample", "{8BA0A38E-1A9B-471A-96A1-8A264B3F1616}"
EndProject
Project("{FAE04EC0-301F-11D3-BF4B-00C04F79EFBC}") = "OAuth2.ClientCredentials.SampleWebApplication", "Sample\OAuth2.ClientCredentials.SampleWebApplication\OAuth2.ClientCredentials.SampleWebApplication.csproj", "{05EFF0FC-B70C-45B1-8FCA-918DCF1E1872}"
EndProject
Project("{9A19103F-16F7-4668-BE54-9A1E7A4F7556}") = "OAuth2.ClientCredentials.SampleApplication", "Sample\OAuth2.ClientCredentials.SampleApplication\OAuth2.ClientCredentials.SampleApplication.csproj", "{BD6935DE-3711-40E3-9C40-9F73FCC57CA3}"
EndProject
Global
	GlobalSection(SolutionConfigurationPlatforms) = preSolution
		Debug|Any CPU = Debug|Any CPU
		Release|Any CPU = Release|Any CPU
	EndGlobalSection
	GlobalSection(ProjectConfigurationPlatforms) = postSolution
		{DD736820-D2D4-455B-B5AD-5F4990CE83E9}.Debug|Any CPU.ActiveCfg = Debug|Any CPU
		{DD736820-D2D4-455B-B5AD-5F4990CE83E9}.Debug|Any CPU.Build.0 = Debug|Any CPU
		{DD736820-D2D4-455B-B5AD-5F4990CE83E9}.Release|Any CPU.ActiveCfg = Release|Any CPU
		{DD736820-D2D4-455B-B5AD-5F4990CE83E9}.Release|Any CPU.Build.0 = Release|Any CPU
		{05EFF0FC-B70C-45B1-8FCA-918DCF1E1872}.Debug|Any CPU.ActiveCfg = Debug|Any CPU
		{05EFF0FC-B70C-45B1-8FCA-918DCF1E1872}.Debug|Any CPU.Build.0 = Debug|Any CPU
		{05EFF0FC-B70C-45B1-8FCA-918DCF1E1872}.Release|Any CPU.ActiveCfg = Release|Any CPU
		{05EFF0FC-B70C-45B1-8FCA-918DCF1E1872}.Release|Any CPU.Build.0 = Release|Any CPU
		{BD6935DE-3711-40E3-9C40-9F73FCC57CA3}.Debug|Any CPU.ActiveCfg = Debug|Any CPU
		{BD6935DE-3711-40E3-9C40-9F73FCC57CA3}.Debug|Any CPU.Build.0 = Debug|Any CPU
		{BD6935DE-3711-40E3-9C40-9F73FCC57CA3}.Release|Any CPU.ActiveCfg = Release|Any CPU
		{BD6935DE-3711-40E3-9C40-9F73FCC57CA3}.Release|Any CPU.Build.0 = Release|Any CPU
	EndGlobalSection
	GlobalSection(SolutionProperties) = preSolution
		HideSolutionNode = FALSE
	EndGlobalSection
	GlobalSection(NestedProjects) = preSolution
		{05EFF0FC-B70C-45B1-8FCA-918DCF1E1872} = {8BA0A38E-1A9B-471A-96A1-8A264B3F1616}
		{BD6935DE-3711-40E3-9C40-9F73FCC57CA3} = {8BA0A38E-1A9B-471A-96A1-8A264B3F1616}
	EndGlobalSection
	GlobalSection(ExtensibilityGlobals) = postSolution
		SolutionGuid = {8544690E-7695-473A-B332-278161DACE8B}
	EndGlobalSection
EndGlobal
